github.com/MaxIvanyshen/block-encryption v0.0.0-20240519140345-fcb33bc3bf45 h1:SBYedky8M232a7rHjIIX0RUMvL8Db8+i5ohtVB9QjqM=
github.com/MaxIvanyshen/block-encryption v0.0.0-20240519140345-fcb33bc3bf45/go.mod h1:KQNUEm8M8fEJZfDi0PjwXwIKqVG+6KwEqjVWmqCHB2E=
github.com/MaxIvanyshen/block-encryption v0.0.0-20240519143342-634b128c6b84 h1:FveLsRRgMVWN3i8v7VdEJhni3MfYar1iVVNlEUoQ0pQ=
github.com/MaxIvanyshen/block-encryption v0.0.0-20240519143342-634b128c6b84/go.mod h1:KQNUEm8M8fEJZfDi0PjwXwIKqVG+6KwEqjVWmqCHB2E=
github.com/MaxIvanyshen/block-encryption v0.0.0-20240519144648-35ef8613bb39 h1:xEVqEWiv+8h03inLuzNfIVs3FwLvV/bZtq6ihwsRb6s=
github.com/MaxIvanyshen/block-encryption v0.0.0-20240519144648-35ef8613bb39/go.mod h1:KQNUEm8M8fEJZfDi0PjwXwIKqVG+6KwEqjVWmqCHB2E=
